Microsoft Visual Studio Solution File, Format Version 12.00
# Visual Studio 2012
Project("{FAE04EC0-301F-11D3-BF4B-00C04F79EFBC}") = "VCMDL.NET", "VCMDL.NET\VCMDL.NET.csproj", "{60965E62-D392-4509-9105-A51B5B9EEE0F}"
	ProjectSection(ProjectDependencies) = postProject
		{04329330-AF95-4C0C-BF28-FEC961A2D19A} = {04329330-AF95-4C0C-BF28-FEC961A2D19A}
		{6CF09840-5E25-49D1-B1B3-B8BFED8A1C38} = {6CF09840-5E25-49D1-B1B3-B8BFED8A1C38}
		{CE918367-7398-43BF-B135-7E2A4E97D641} = {CE918367-7398-43BF-B135-7E2A4E97D641}
		{4F12B7B0-CF7F-4D35-B3BF-9BCB4AA0B037} = {4F12B7B0-CF7F-4D35-B3BF-9BCB4AA0B037}
		{F68B5BB5-0BAF-4FA9-AD09-B892EB48E1C7} = {F68B5BB5-0BAF-4FA9-AD09-B892EB48E1C7}
		{7EB180C2-9387-49C8-8E9D-E33CD47FEDAB} = {7EB180C2-9387-49C8-8E9D-E33CD47FEDAB}
		{1014ACC6-5487-4E5D-93C1-BDE4E95FED1C} = {1014ACC6-5487-4E5D-93C1-BDE4E95FED1C}
		{49BF85D0-BD1F-450A-B8A1-79D48705E5D8} = {49BF85D0-BD1F-450A-B8A1-79D48705E5D8}
		{E8BBE1E7-719F-469E-AA07-6438B3B27E77} = {E8BBE1E7-719F-469E-AA07-6438B3B27E77}
	EndProjectSection
EndProject
Project("{FAE04EC0-301F-11D3-BF4B-00C04F79EFBC}") = "PluginLibrary", "PluginLibrary\PluginLibrary.csproj", "{67FCFEAD-263F-4970-B128-0ACF98460E68}"
EndProject
Project("{FAE04EC0-301F-11D3-BF4B-00C04F79EFBC}") = "PluginObj", "PluginObj\PluginObj.csproj", "{6CF09840-5E25-49D1-B1B3-B8BFED8A1C38}"
EndProject
Project("{FAE04EC0-301F-11D3-BF4B-00C04F79EFBC}") = "PluginMd2", "PluginMd2\PluginMd2.csproj", "{1014ACC6-5487-4E5D-93C1-BDE4E95FED1C}"
EndProject
Project("{FAE04EC0-301F-11D3-BF4B-00C04F79EFBC}") = "PluginMDL", "PluginMDL\PluginMDL.csproj", "{F68B5BB5-0BAF-4FA9-AD09-B892EB48E1C7}"
EndProject
Project("{FAE04EC0-301F-11D3-BF4B-00C04F79EFBC}") = "PluginMD3", "PluginMD3\PluginMD3.csproj", "{E8BBE1E7-719F-469E-AA07-6438B3B27E77}"
EndProject
Project("{FAE04EC0-301F-11D3-BF4B-00C04F79EFBC}") = "PluginMS3D", "PluginMS3D\PluginMS3D.csproj", "{CE918367-7398-43BF-B135-7E2A4E97D641}"
EndProject
Project("{FAE04EC0-301F-11D3-BF4B-00C04F79EFBC}") = "PluginAQM", "PluginAQM\PluginAQM.csproj", "{7EB180C2-9387-49C8-8E9D-E33CD47FEDAB}"
EndProject
Project("{FAE04EC0-301F-11D3-BF4B-00C04F79EFBC}") = "PluginWeldAll", "PluginWeldAll\PluginWeldAll.csproj", "{49BF85D0-BD1F-450A-B8A1-79D48705E5D8}"
EndProject
Project("{FAE04EC0-301F-11D3-BF4B-00C04F79EFBC}") = "PluginHeight", "PluginHeight\PluginHeight.csproj", "{04329330-AF95-4C0C-BF28-FEC961A2D19A}"
EndProject
Project("{FAE04EC0-301F-11D3-BF4B-00C04F79EFBC}") = "PluginRTM", "PluginRTM\PluginRTM.csproj", "{4F12B7B0-CF7F-4D35-B3BF-9BCB4AA0B037}"
EndProject
Global
	GlobalSection(SolutionConfigurationPlatforms) = preSolution
		Debug Alpha|Any CPU = Debug Alpha|Any CPU
		Debug Alpha|Mixed Platforms = Debug Alpha|Mixed Platforms
		Debug Alpha|Win32 = Debug Alpha|Win32
		Debug Alpha|x86 = Debug Alpha|x86
		Debug|Any CPU = Debug|Any CPU
		Debug|Mixed Platforms = Debug|Mixed Platforms
		Debug|Win32 = Debug|Win32
		Debug|x86 = Debug|x86
		Release Alpha|Any CPU = Release Alpha|Any CPU
		Release Alpha|Mixed Platforms = Release Alpha|Mixed Platforms
		Release Alpha|Win32 = Release Alpha|Win32
		Release Alpha|x86 = Release Alpha|x86
		Release|Any CPU = Release|Any CPU
		Release|Mixed Platforms = Release|Mixed Platforms
		Release|Win32 = Release|Win32
		Release|x86 = Release|x86
	EndGlobalSection
	GlobalSection(ProjectConfigurationPlatforms) = postSolution
		{60965E62-D392-4509-9105-A51B5B9EEE0F}.Debug Alpha|Any CPU.ActiveCfg = Debug|x86
		{60965E62-D392-4509-9105-A51B5B9EEE0F}.Debug Alpha|Mixed Platforms.ActiveCfg = Debug|x86
		{60965E62-D392-4509-9105-A51B5B9EEE0F}.Debug Alpha|Mixed Platforms.Build.0 = Debug|x86
		{60965E62-D392-4509-9105-A51B5B9EEE0F}.Debug Alpha|Win32.ActiveCfg = Debug|x86
		{60965E62-D392-4509-9105-A51B5B9EEE0F}.Debug Alpha|Win32.Build.0 = Debug|x86
		{60965E62-D392-4509-9105-A51B5B9EEE0F}.Debug Alpha|x86.ActiveCfg = Debug|x86
		{60965E62-D392-4509-9105-A51B5B9EEE0F}.Debug Alpha|x86.Build.0 = Debug|x86
		{60965E62-D392-4509-9105-A51B5B9EEE0F}.Debug|Any CPU.ActiveCfg = Debug|x86
		{60965E62-D392-4509-9105-A51B5B9EEE0F}.Debug|Mixed Platforms.ActiveCfg = Debug|x86
		{60965E62-D392-4509-9105-A51B5B9EEE0F}.Debug|Mixed Platforms.Build.0 = Debug|x86
		{60965E62-D392-4509-9105-A51B5B9EEE0F}.Debug|Win32.ActiveCfg = Debug|x86
		{60965E62-D392-4509-9105-A51B5B9EEE0F}.Debug|Win32.Build.0 = Debug|x86
		{60965E62-D392-4509-9105-A51B5B9EEE0F}.Debug|x86.ActiveCfg = Debug|x86
		{60965E62-D392-4509-9105-A51B5B9EEE0F}.Debug|x86.Build.0 = Debug|x86
		{60965E62-D392-4509-9105-A51B5B9EEE0F}.Release Alpha|Any CPU.ActiveCfg = Release|x86
		{60965E62-D392-4509-9105-A51B5B9EEE0F}.Release Alpha|Mixed Platforms.ActiveCfg = Release|x86
		{60965E62-D392-4509-9105-A51B5B9EEE0F}.Release Alpha|Mixed Platforms.Build.0 = Release|x86
		{60965E62-D392-4509-9105-A51B5B9EEE0F}.Release Alpha|Win32.ActiveCfg = Release|x86
		{60965E62-D392-4509-9105-A51B5B9EEE0F}.Release Alpha|Win32.Build.0 = Release|x86
		{60965E62-D392-4509-9105-A51B5B9EEE0F}.Release Alpha|x86.ActiveCfg = Release|x86
		{60965E62-D392-4509-9105-A51B5B9EEE0F}.Release Alpha|x86.Build.0 = Release|x86
		{60965E62-D392-4509-9105-A51B5B9EEE0F}.Release|Any CPU.ActiveCfg = Release|x86
		{60965E62-D392-4509-9105-A51B5B9EEE0F}.Release|Mixed Platforms.ActiveCfg = Release|x86
		{60965E62-D392-4509-9105-A51B5B9EEE0F}.Release|Mixed Platforms.Build.0 = Release|x86
		{60965E62-D392-4509-9105-A51B5B9EEE0F}.Release|Win32.ActiveCfg = Release|x86
		{60965E62-D392-4509-9105-A51B5B9EEE0F}.Release|Win32.Build.0 = Release|x86
		{60965E62-D392-4509-9105-A51B5B9EEE0F}.Release|x86.ActiveCfg = Release|x86
		{60965E62-D392-4509-9105-A51B5B9EEE0F}.Release|x86.Build.0 = Release|x86
		{67FCFEAD-263F-4970-B128-0ACF98460E68}.Debug Alpha|Any CPU.ActiveCfg = Debug|Any CPU
		{67FCFEAD-263F-4970-B128-0ACF98460E68}.Debug Alpha|Any CPU.Build.0 = Debug|Any CPU
		{67FCFEAD-263F-4970-B128-0ACF98460E68}.Debug Alpha|Mixed Platforms.ActiveCfg = Debug|Any CPU
		{67FCFEAD-263F-4970-B128-0ACF98460E68}.Debug Alpha|Mixed Platforms.Build.0 = Debug|Any CPU
		{67FCFEAD-263F-4970-B128-0ACF98460E68}.Debug Alpha|Win32.ActiveCfg = Debug|Any CPU
		{67FCFEAD-263F-4970-B128-0ACF98460E68}.Debug Alpha|x86.ActiveCfg = Debug|Any CPU
		{67FCFEAD-263F-4970-B128-0ACF98460E68}.Debug|Any CPU.ActiveCfg = Debug|Any CPU
		{67FCFEAD-263F-4970-B128-0ACF98460E68}.Debug|Any CPU.Build.0 = Debug|Any CPU
		{67FCFEAD-263F-4970-B128-0ACF98460E68}.Debug|Mixed Platforms.ActiveCfg = Debug|Any CPU
		{67FCFEAD-263F-4970-B128-0ACF98460E68}.Debug|Mixed Platforms.Build.0 = Debug|Any CPU
		{67FCFEAD-263F-4970-B128-0ACF98460E68}.Debug|Win32.ActiveCfg = Debug|Any CPU
		{67FCFEAD-263F-4970-B128-0ACF98460E68}.Debug|x86.ActiveCfg = Debug|Any CPU
		{67FCFEAD-263F-4970-B128-0ACF98460E68}.Release Alpha|Any CPU.ActiveCfg = Release|Any CPU
		{67FCFEAD-263F-4970-B128-0ACF98460E68}.Release Alpha|Any CPU.Build.0 = Release|Any CPU
		{67FCFEAD-263F-4970-B128-0ACF98460E68}.Release Alpha|Mixed Platforms.ActiveCfg = Release|Any CPU
		{67FCFEAD-263F-4970-B128-0ACF98460E68}.Release Alpha|Mixed Platforms.Build.0 = Release|Any CPU
		{67FCFEAD-263F-4970-B128-0ACF98460E68}.Release Alpha|Win32.ActiveCfg = Release|Any CPU
		{67FCFEAD-263F-4970-B128-0ACF98460E68}.Release Alpha|x86.ActiveCfg = Release|Any CPU
		{67FCFEAD-263F-4970-B128-0ACF98460E68}.Release|Any CPU.ActiveCfg = Release|Any CPU
		{67FCFEAD-263F-4970-B128-0ACF98460E68}.Release|Any CPU.Build.0 = Release|Any CPU
		{67FCFEAD-263F-4970-B128-0ACF98460E68}.Release|Mixed Platforms.ActiveCfg = Release|Any CPU
		{67FCFEAD-263F-4970-B128-0ACF98460E68}.Release|Mixed Platforms.Build.0 = Release|Any CPU
		{67FCFEAD-263F-4970-B128-0ACF98460E68}.Release|Win32.ActiveCfg = Release|Any CPU
		{67FCFEAD-263F-4970-B128-0ACF98460E68}.Release|x86.ActiveCfg = Release|Any CPU
		{6CF09840-5E25-49D1-B1B3-B8BFED8A1C38}.Debug Alpha|Any CPU.ActiveCfg = Debug|Any CPU
		{6CF09840-5E25-49D1-B1B3-B8BFED8A1C38}.Debug Alpha|Any CPU.Build.0 = Debug|Any CPU
		{6CF09840-5E25-49D1-B1B3-B8BFED8A1C38}.Debug Alpha|Mixed Platforms.ActiveCfg = Debug|Any CPU
		{6CF09840-5E25-49D1-B1B3-B8BFED8A1C38}.Debug Alpha|Mixed Platforms.Build.0 = Debug|Any CPU
		{6CF09840-5E25-49D1-B1B3-B8BFED8A1C38}.Debug Alpha|Win32.ActiveCfg = Debug|Any CPU
		{6CF09840-5E25-49D1-B1B3-B8BFED8A1C38}.Debug Alpha|x86.ActiveCfg = Debug|Any CPU
		{6CF09840-5E25-49D1-B1B3-B8BFED8A1C38}.Debug|Any CPU.ActiveCfg = Debug|Any CPU
		{6CF09840-5E25-49D1-B1B3-B8BFED8A1C38}.Debug|Any CPU.Build.0 = Debug|Any CPU
		{6CF09840-5E25-49D1-B1B3-B8BFED8A1C38}.Debug|Mixed Platforms.ActiveCfg = Debug|Any CPU
		{6CF09840-5E25-49D1-B1B3-B8BFED8A1C38}.Debug|Mixed Platforms.Build.0 = Debug|Any CPU
		{6CF09840-5E25-49D1-B1B3-B8BFED8A1C38}.Debug|Win32.ActiveCfg = Debug|Any CPU
		{6CF09840-5E25-49D1-B1B3-B8BFED8A1C38}.Debug|x86.ActiveCfg = Debug|Any CPU
		{6CF09840-5E25-49D1-B1B3-B8BFED8A1C38}.Release Alpha|Any CPU.ActiveCfg = Release|Any CPU
		{6CF09840-5E25-49D1-B1B3-B8BFED8A1C38}.Release Alpha|Any CPU.Build.0 = Release|Any CPU
		{6CF09840-5E25-49D1-B1B3-B8BFED8A1C38}.Release Alpha|Mixed Platforms.ActiveCfg = Release|Any CPU
		{6CF09840-5E25-49D1-B1B3-B8BFED8A1C38}.Release Alpha|Mixed Platforms.Build.0 = Release|Any CPU
		{6CF09840-5E25-49D1-B1B3-B8BFED8A1C38}.Release Alpha|Win32.ActiveCfg = Release|Any CPU
		{6CF09840-5E25-49D1-B1B3-B8BFED8A1C38}.Release Alpha|x86.ActiveCfg = Release|Any CPU
		{6CF09840-5E25-49D1-B1B3-B8BFED8A1C38}.Release|Any CPU.ActiveCfg = Release|Any CPU
		{6CF09840-5E25-49D1-B1B3-B8BFED8A1C38}.Release|Any CPU.Build.0 = Release|Any CPU
		{6CF09840-5E25-49D1-B1B3-B8BFED8A1C38}.Release|Mixed Platforms.ActiveCfg = Release|Any CPU
		{6CF09840-5E25-49D1-B1B3-B8BFED8A1C38}.Release|Mixed Platforms.Build.0 = Release|Any CPU
		{6CF09840-5E25-49D1-B1B3-B8BFED8A1C38}.Release|Win32.ActiveCfg = Release|Any CPU
		{6CF09840-5E25-49D1-B1B3-B8BFED8A1C38}.Release|x86.ActiveCfg = Release|Any CPU
		{1014ACC6-5487-4E5D-93C1-BDE4E95FED1C}.Debug Alpha|Any CPU.ActiveCfg = Debug|Any CPU
		{1014ACC6-5487-4E5D-93C1-BDE4E95FED1C}.Debug Alpha|Any CPU.Build.0 = Debug|Any CPU
		{1014ACC6-5487-4E5D-93C1-BDE4E95FED1C}.Debug Alpha|Mixed Platforms.ActiveCfg = Debug|Any CPU
		{1014ACC6-5487-4E5D-93C1-BDE4E95FED1C}.Debug Alpha|Mixed Platforms.Build.0 = Debug|Any CPU
		{1014ACC6-5487-4E5D-93C1-BDE4E95FED1C}.Debug Alpha|Win32.ActiveCfg = Debug|Any CPU
		{1014ACC6-5487-4E5D-93C1-BDE4E95FED1C}.Debug Alpha|x86.ActiveCfg = Debug|Any CPU
		{1014ACC6-5487-4E5D-93C1-BDE4E95FED1C}.Debug|Any CPU.ActiveCfg = Debug|Any CPU
		{1014ACC6-5487-4E5D-93C1-BDE4E95FED1C}.Debug|Any CPU.Build.0 = Debug|Any CPU
		{1014ACC6-5487-4E5D-93C1-BDE4E95FED1C}.Debug|Mixed Platforms.ActiveCfg = Debug|Any CPU
		{1014ACC6-5487-4E5D-93C1-BDE4E95FED1C}.Debug|Mixed Platforms.Build.0 = Debug|Any CPU
		{1014ACC6-5487-4E5D-93C1-BDE4E95FED1C}.Debug|Win32.ActiveCfg = Debug|Any CPU
		{1014ACC6-5487-4E5D-93C1-BDE4E95FED1C}.Debug|x86.ActiveCfg = Debug|Any CPU
		{1014ACC6-5487-4E5D-93C1-BDE4E95FED1C}.Release Alpha|Any CPU.ActiveCfg = Release|Any CPU
		{1014ACC6-5487-4E5D-93C1-BDE4E95FED1C}.Release Alpha|Any CPU.Build.0 = Release|Any CPU
		{1014ACC6-5487-4E5D-93C1-BDE4E95FED1C}.Release Alpha|Mixed Platforms.ActiveCfg = Release|Any CPU
		{1014ACC6-5487-4E5D-93C1-BDE4E95FED1C}.Release Alpha|Mixed Platforms.Build.0 = Release|Any CPU
		{1014ACC6-5487-4E5D-93C1-BDE4E95FED1C}.Release Alpha|Win32.ActiveCfg = Release|Any CPU
		{1014ACC6-5487-4E5D-93C1-BDE4E95FED1C}.Release Alpha|x86.ActiveCfg = Release|Any CPU
		{1014ACC6-5487-4E5D-93C1-BDE4E95FED1C}.Release|Any CPU.ActiveCfg = Release|Any CPU
		{1014ACC6-5487-4E5D-93C1-BDE4E95FED1C}.Release|Any CPU.Build.0 = Release|Any CPU
		{1014ACC6-5487-4E5D-93C1-BDE4E95FED1C}.Release|Mixed Platforms.ActiveCfg = Release|Any CPU
		{1014ACC6-5487-4E5D-93C1-BDE4E95FED1C}.Release|Mixed Platforms.Build.0 = Release|Any CPU
		{1014ACC6-5487-4E5D-93C1-BDE4E95FED1C}.Release|Win32.ActiveCfg = Release|Any CPU
		{1014ACC6-5487-4E5D-93C1-BDE4E95FED1C}.Release|x86.ActiveCfg = Release|Any CPU
		{F68B5BB5-0BAF-4FA9-AD09-B892EB48E1C7}.Debug Alpha|Any CPU.ActiveCfg = Debug|Any CPU
		{F68B5BB5-0BAF-4FA9-AD09-B892EB48E1C7}.Debug Alpha|Any CPU.Build.0 = Debug|Any CPU
		{F68B5BB5-0BAF-4FA9-AD09-B892EB48E1C7}.Debug Alpha|Mixed Platforms.ActiveCfg = Debug|Any CPU
		{F68B5BB5-0BAF-4FA9-AD09-B892EB48E1C7}.Debug Alpha|Mixed Platforms.Build.0 = Debug|Any CPU
		{F68B5BB5-0BAF-4FA9-AD09-B892EB48E1C7}.Debug Alpha|Win32.ActiveCfg = Debug|Any CPU
		{F68B5BB5-0BAF-4FA9-AD09-B892EB48E1C7}.Debug Alpha|x86.ActiveCfg = Debug|Any CPU
		{F68B5BB5-0BAF-4FA9-AD09-B892EB48E1C7}.Debug|Any CPU.ActiveCfg = Debug|Any CPU
		{F68B5BB5-0BAF-4FA9-AD09-B892EB48E1C7}.Debug|Any CPU.Build.0 = Debug|Any CPU
		{F68B5BB5-0BAF-4FA9-AD09-B892EB48E1C7}.Debug|Mixed Platforms.ActiveCfg = Debug|Any CPU
		{F68B5BB5-0BAF-4FA9-AD09-B892EB48E1C7}.Debug|Mixed Platforms.Build.0 = Debug|Any CPU
		{F68B5BB5-0BAF-4FA9-AD09-B892EB48E1C7}.Debug|Win32.ActiveCfg = Debug|Any CPU
		{F68B5BB5-0BAF-4FA9-AD09-B892EB48E1C7}.Debug|x86.ActiveCfg = Debug|Any CPU
		{F68B5BB5-0BAF-4FA9-AD09-B892EB48E1C7}.Release Alpha|Any CPU.ActiveCfg = Release|Any CPU
		{F68B5BB5-0BAF-4FA9-AD09-B892EB48E1C7}.Release Alpha|Any CPU.Build.0 = Release|Any CPU
		{F68B5BB5-0BAF-4FA9-AD09-B892EB48E1C7}.Release Alpha|Mixed Platforms.ActiveCfg = Release|Any CPU
		{F68B5BB5-0BAF-4FA9-AD09-B892EB48E1C7}.Release Alpha|Mixed Platforms.Build.0 = Release|Any CPU
		{F68B5BB5-0BAF-4FA9-AD09-B892EB48E1C7}.Release Alpha|Win32.ActiveCfg = Release|Any CPU
		{F68B5BB5-0BAF-4FA9-AD09-B892EB48E1C7}.Release Alpha|x86.ActiveCfg = Release|Any CPU
		{F68B5BB5-0BAF-4FA9-AD09-B892EB48E1C7}.Release|Any CPU.ActiveCfg = Release|Any CPU
		{F68B5BB5-0BAF-4FA9-AD09-B892EB48E1C7}.Release|Any CPU.Build.0 = Release|Any CPU
		{F68B5BB5-0BAF-4FA9-AD09-B892EB48E1C7}.Release|Mixed Platforms.ActiveCfg = Release|Any CPU
		{F68B5BB5-0BAF-4FA9-AD09-B892EB48E1C7}.Release|Mixed Platforms.Build.0 = Release|Any CPU
		{F68B5BB5-0BAF-4FA9-AD09-B892EB48E1C7}.Release|Win32.ActiveCfg = Release|Any CPU
		{F68B5BB5-0BAF-4FA9-AD09-B892EB48E1C7}.Release|x86.ActiveCfg = Release|Any CPU
		{E8BBE1E7-719F-469E-AA07-6438B3B27E77}.Debug Alpha|Any CPU.ActiveCfg = Debug|Any CPU
		{E8BBE1E7-719F-469E-AA07-6438B3B27E77}.Debug Alpha|Any CPU.Build.0 = Debug|Any CPU
		{E8BBE1E7-719F-469E-AA07-6438B3B27E77}.Debug Alpha|Mixed Platforms.ActiveCfg = Debug|Any CPU
		{E8BBE1E7-719F-469E-AA07-6438B3B27E77}.Debug Alpha|Mixed Platforms.Build.0 = Debug|Any CPU
		{E8BBE1E7-719F-469E-AA07-6438B3B27E77}.Debug Alpha|Win32.ActiveCfg = Debug|Any CPU
		{E8BBE1E7-719F-469E-AA07-6438B3B27E77}.Debug Alpha|x86.ActiveCfg = Debug|Any CPU
		{E8BBE1E7-719F-469E-AA07-6438B3B27E77}.Debug|Any CPU.ActiveCfg = Debug|Any CPU
		{E8BBE1E7-719F-469E-AA07-6438B3B27E77}.Debug|Any CPU.Build.0 = Debug|Any CPU
		{E8BBE1E7-719F-469E-AA07-6438B3B27E77}.Debug|Mixed Platforms.ActiveCfg = Debug|Any CPU
		{E8BBE1E7-719F-469E-AA07-6438B3B27E77}.Debug|Mixed Platforms.Build.0 = Debug|Any CPU
		{E8BBE1E7-719F-469E-AA07-6438B3B27E77}.Debug|Win32.ActiveCfg = Debug|Any CPU
		{E8BBE1E7-719F-469E-AA07-6438B3B27E77}.Debug|x86.ActiveCfg = Debug|Any CPU
		{E8BBE1E7-719F-469E-AA07-6438B3B27E77}.Release Alpha|Any CPU.ActiveCfg = Release|Any CPU
		{E8BBE1E7-719F-469E-AA07-6438B3B27E77}.Release Alpha|Any CPU.Build.0 = Release|Any CPU
		{E8BBE1E7-719F-469E-AA07-6438B3B27E77}.Release Alpha|Mixed Platforms.ActiveCfg = Release|Any CPU
		{E8BBE1E7-719F-469E-AA07-6438B3B27E77}.Release Alpha|Mixed Platforms.Build.0 = Release|Any CPU
		{E8BBE1E7-719F-469E-AA07-6438B3B27E77}.Release Alpha|Win32.ActiveCfg = Release|Any CPU
		{E8BBE1E7-719F-469E-AA07-6438B3B27E77}.Release Alpha|x86.ActiveCfg = Release|Any CPU
		{E8BBE1E7-719F-469E-AA07-6438B3B27E77}.Release|Any CPU.ActiveCfg = Release|Any CPU
		{E8BBE1E7-719F-469E-AA07-6438B3B27E77}.Release|Any CPU.Build.0 = Release|Any CPU
		{E8BBE1E7-719F-469E-AA07-6438B3B27E77}.Release|Mixed Platforms.ActiveCfg = Release|Any CPU
		{E8BBE1E7-719F-469E-AA07-6438B3B27E77}.Release|Mixed Platforms.Build.0 = Release|Any CPU
		{E8BBE1E7-719F-469E-AA07-6438B3B27E77}.Release|Win32.ActiveCfg = Release|Any CPU
		{E8BBE1E7-719F-469E-AA07-6438B3B27E77}.Release|x86.ActiveCfg = Release|Any CPU
		{CE918367-7398-43BF-B135-7E2A4E97D641}.Debug Alpha|Any CPU.ActiveCfg = Debug|Any CPU
		{CE918367-7398-43BF-B135-7E2A4E97D641}.Debug Alpha|Any CPU.Build.0 = Debug|Any CPU
		{CE918367-7398-43BF-B135-7E2A4E97D641}.Debug Alpha|Mixed Platforms.ActiveCfg = Debug|Any CPU
		{CE918367-7398-43BF-B135-7E2A4E97D641}.Debug Alpha|Mixed Platforms.Build.0 = Debug|Any CPU
		{CE918367-7398-43BF-B135-7E2A4E97D641}.Debug Alpha|Win32.ActiveCfg = Debug|Any CPU
		{CE918367-7398-43BF-B135-7E2A4E97D641}.Debug Alpha|x86.ActiveCfg = Debug|Any CPU
		{CE918367-7398-43BF-B135-7E2A4E97D641}.Debug|Any CPU.ActiveCfg = Debug|Any CPU
		{CE918367-7398-43BF-B135-7E2A4E97D641}.Debug|Any CPU.Build.0 = Debug|Any CPU
		{CE918367-7398-43BF-B135-7E2A4E97D641}.Debug|Mixed Platforms.ActiveCfg = Debug|Any CPU
		{CE918367-7398-43BF-B135-7E2A4E97D641}.Debug|Mixed Platforms.Build.0 = Debug|Any CPU
		{CE918367-7398-43BF-B135-7E2A4E97D641}.Debug|Win32.ActiveCfg = Debug|Any CPU
		{CE918367-7398-43BF-B135-7E2A4E97D641}.Debug|x86.ActiveCfg = Debug|Any CPU
		{CE918367-7398-43BF-B135-7E2A4E97D641}.Release Alpha|Any CPU.ActiveCfg = Release|Any CPU
		{CE918367-7398-43BF-B135-7E2A4E97D641}.Release Alpha|Any CPU.Build.0 = Release|Any CPU
		{CE918367-7398-43BF-B135-7E2A4E97D641}.Release Alpha|Mixed Platforms.ActiveCfg = Release|Any CPU
		{CE918367-7398-43BF-B135-7E2A4E97D641}.Release Alpha|Mixed Platforms.Build.0 = Release|Any CPU
		{CE918367-7398-43BF-B135-7E2A4E97D641}.Release Alpha|Win32.ActiveCfg = Release|Any CPU
		{CE918367-7398-43BF-B135-7E2A4E97D641}.Release Alpha|x86.ActiveCfg = Release|Any CPU
		{CE918367-7398-43BF-B135-7E2A4E97D641}.Release|Any CPU.ActiveCfg = Release|Any CPU
		{CE918367-7398-43BF-B135-7E2A4E97D641}.Release|Any CPU.Build.0 = Release|Any CPU
		{CE918367-7398-43BF-B135-7E2A4E97D641}.Release|Mixed Platforms.ActiveCfg = Release|Any CPU
		{CE918367-7398-43BF-B135-7E2A4E97D641}.Release|Mixed Platforms.Build.0 = Release|Any CPU
		{CE918367-7398-43BF-B135-7E2A4E97D641}.Release|Win32.ActiveCfg = Release|Any CPU
		{CE918367-7398-43BF-B135-7E2A4E97D641}.Release|x86.ActiveCfg = Release|Any CPU
		{7EB180C2-9387-49C8-8E9D-E33CD47FEDAB}.Debug Alpha|Any CPU.ActiveCfg = Debug|Any CPU
		{7EB180C2-9387-49C8-8E9D-E33CD47FEDAB}.Debug Alpha|Any CPU.Build.0 = Debug|Any CPU
		{7EB180C2-9387-49C8-8E9D-E33CD47FEDAB}.Debug Alpha|Mixed Platforms.ActiveCfg = Debug|Any CPU
		{7EB180C2-9387-49C8-8E9D-E33CD47FEDAB}.Debug Alpha|Mixed Platforms.Build.0 = Debug|Any CPU
		{7EB180C2-9387-49C8-8E9D-E33CD47FEDAB}.Debug Alpha|Win32.ActiveCfg = Debug|Any CPU
		{7EB180C2-9387-49C8-8E9D-E33CD47FEDAB}.Debug Alpha|x86.ActiveCfg = Debug|Any CPU
		{7EB180C2-9387-49C8-8E9D-E33CD47FEDAB}.Debug|Any CPU.ActiveCfg = Debug|Any CPU
		{7EB180C2-9387-49C8-8E9D-E33CD47FEDAB}.Debug|Any CPU.Build.0 = Debug|Any CPU
		{7EB180C2-9387-49C8-8E9D-E33CD47FEDAB}.Debug|Mixed Platforms.ActiveCfg = Debug|Any CPU
		{7EB180C2-9387-49C8-8E9D-E33CD47FEDAB}.Debug|Mixed Platforms.Build.0 = Debug|Any CPU
		{7EB180C2-9387-49C8-8E9D-E33CD47FEDAB}.Debug|Win32.ActiveCfg = Debug|Any CPU
		{7EB180C2-9387-49C8-8E9D-E33CD47FEDAB}.Debug|x86.ActiveCfg = Debug|Any CPU
		{7EB180C2-9387-49C8-8E9D-E33CD47FEDAB}.Release Alpha|Any CPU.ActiveCfg = Release|Any CPU
		{7EB180C2-9387-49C8-8E9D-E33CD47FEDAB}.Release Alpha|Any CPU.Build.0 = Release|Any CPU
		{7EB180C2-9387-49C8-8E9D-E33CD47FEDAB}.Release Alpha|Mixed Platforms.ActiveCfg = Release|Any CPU
		{7EB180C2-9387-49C8-8E9D-E33CD47FEDAB}.Release Alpha|Mixed Platforms.Build.0 = Release|Any CPU
		{7EB180C2-9387-49C8-8E9D-E33CD47FEDAB}.Release Alpha|Win32.ActiveCfg = Release|Any CPU
		{7EB180C2-9387-49C8-8E9D-E33CD47FEDAB}.Release Alpha|x86.ActiveCfg = Release|Any CPU
		{7EB180C2-9387-49C8-8E9D-E33CD47FEDAB}.Release|Any CPU.ActiveCfg = Release|Any CPU
		{7EB180C2-9387-49C8-8E9D-E33CD47FEDAB}.Release|Any CPU.Build.0 = Release|Any CPU
		{7EB180C2-9387-49C8-8E9D-E33CD47FEDAB}.Release|Mixed Platforms.ActiveCfg = Release|Any CPU
		{7EB180C2-9387-49C8-8E9D-E33CD47FEDAB}.Release|Mixed Platforms.Build.0 = Release|Any CPU
		{7EB180C2-9387-49C8-8E9D-E33CD47FEDAB}.Release|Win32.ActiveCfg = Release|Any CPU
		{7EB180C2-9387-49C8-8E9D-E33CD47FEDAB}.Release|x86.ActiveCfg = Release|Any CPU
		{49BF85D0-BD1F-450A-B8A1-79D48705E5D8}.Debug Alpha|Any CPU.ActiveCfg = Debug|Any CPU
		{49BF85D0-BD1F-450A-B8A1-79D48705E5D8}.Debug Alpha|Any CPU.Build.0 = Debug|Any CPU
		{49BF85D0-BD1F-450A-B8A1-79D48705E5D8}.Debug Alpha|Mixed Platforms.ActiveCfg = Debug|Any CPU
		{49BF85D0-BD1F-450A-B8A1-79D48705E5D8}.Debug Alpha|Mixed Platforms.Build.0 = Debug|Any CPU
		{49BF85D0-BD1F-450A-B8A1-79D48705E5D8}.Debug Alpha|Win32.ActiveCfg = Debug|Any CPU
		{49BF85D0-BD1F-450A-B8A1-79D48705E5D8}.Debug Alpha|x86.ActiveCfg = Debug|Any CPU
		{49BF85D0-BD1F-450A-B8A1-79D48705E5D8}.Debug|Any CPU.ActiveCfg = Debug|Any CPU
		{49BF85D0-BD1F-450A-B8A1-79D48705E5D8}.Debug|Any CPU.Build.0 = Debug|Any CPU
		{49BF85D0-BD1F-450A-B8A1-79D48705E5D8}.Debug|Mixed Platforms.ActiveCfg = Debug|Any CPU
		{49BF85D0-BD1F-450A-B8A1-79D48705E5D8}.Debug|Mixed Platforms.Build.0 = Debug|Any CPU
		{49BF85D0-BD1F-450A-B8A1-79D48705E5D8}.Debug|Win32.ActiveCfg = Debug|Any CPU
		{49BF85D0-BD1F-450A-B8A1-79D48705E5D8}.Debug|x86.ActiveCfg = Debug|Any CPU
		{49BF85D0-BD1F-450A-B8A1-79D48705E5D8}.Release Alpha|Any CPU.ActiveCfg = Release|Any CPU
		{49BF85D0-BD1F-450A-B8A1-79D48705E5D8}.Release Alpha|Any CPU.Build.0 = Release|Any CPU
		{49BF85D0-BD1F-450A-B8A1-79D48705E5D8}.Release Alpha|Mixed Platforms.ActiveCfg = Release|Any CPU
		{49BF85D0-BD1F-450A-B8A1-79D48705E5D8}.Release Alpha|Mixed Platforms.Build.0 = Release|Any CPU
		{49BF85D0-BD1F-450A-B8A1-79D48705E5D8}.Release Alpha|Win32.ActiveCfg = Release|Any CPU
		{49BF85D0-BD1F-450A-B8A1-79D48705E5D8}.Release Alpha|x86.ActiveCfg = Release|Any CPU
		{49BF85D0-BD1F-450A-B8A1-79D48705E5D8}.Release|Any CPU.ActiveCfg = Release|Any CPU
		{49BF85D0-BD1F-450A-B8A1-79D48705E5D8}.Release|Any CPU.Build.0 = Release|Any CPU
		{49BF85D0-BD1F-450A-B8A1-79D48705E5D8}.Release|Mixed Platforms.ActiveCfg = Release|Any CPU
		{49BF85D0-BD1F-450A-B8A1-79D48705E5D8}.Release|Mixed Platforms.Build.0 = Release|Any CPU
		{49BF85D0-BD1F-450A-B8A1-79D48705E5D8}.Release|Win32.ActiveCfg = Release|Any CPU
		{49BF85D0-BD1F-450A-B8A1-79D48705E5D8}.Release|x86.ActiveCfg = Release|Any CPU
		{04329330-AF95-4C0C-BF28-FEC961A2D19A}.Debug Alpha|Any CPU.ActiveCfg = Debug|Any CPU
		{04329330-AF95-4C0C-BF28-FEC961A2D19A}.Debug Alpha|Any CPU.Build.0 = Debug|Any CPU
		{04329330-AF95-4C0C-BF28-FEC961A2D19A}.Debug Alpha|Mixed Platforms.ActiveCfg = Debug|Any CPU
		{04329330-AF95-4C0C-BF28-FEC961A2D19A}.Debug Alpha|Mixed Platforms.Build.0 = Debug|Any CPU
		{04329330-AF95-4C0C-BF28-FEC961A2D19A}.Debug Alpha|Win32.ActiveCfg = Debug|Any CPU
		{04329330-AF95-4C0C-BF28-FEC961A2D19A}.Debug Alpha|x86.ActiveCfg = Debug|Any CPU
		{04329330-AF95-4C0C-BF28-FEC961A2D19A}.Debug|Any CPU.ActiveCfg = Debug|Any CPU
		{04329330-AF95-4C0C-BF28-FEC961A2D19A}.Debug|Any CPU.Build.0 = Debug|Any CPU
		{04329330-AF95-4C0C-BF28-FEC961A2D19A}.Debug|Mixed Platforms.ActiveCfg = Debug|Any CPU
		{04329330-AF95-4C0C-BF28-FEC961A2D19A}.Debug|Mixed Platforms.Build.0 = Debug|Any CPU
		{04329330-AF95-4C0C-BF28-FEC961A2D19A}.Debug|Win32.ActiveCfg = Debug|Any CPU
		{04329330-AF95-4C0C-BF28-FEC961A2D19A}.Debug|x86.ActiveCfg = Debug|Any CPU
		{04329330-AF95-4C0C-BF28-FEC961A2D19A}.Release Alpha|Any CPU.ActiveCfg = Release|Any CPU
		{04329330-AF95-4C0C-BF28-FEC961A2D19A}.Release Alpha|Any CPU.Build.0 = Release|Any CPU
		{04329330-AF95-4C0C-BF28-FEC961A2D19A}.Release Alpha|Mixed Platforms.ActiveCfg = Release|Any CPU
		{04329330-AF95-4C0C-BF28-FEC961A2D19A}.Release Alpha|Mixed Platforms.Build.0 = Release|Any CPU
		{04329330-AF95-4C0C-BF28-FEC961A2D19A}.Release Alpha|Win32.ActiveCfg = Release|Any CPU
		{04329330-AF95-4C0C-BF28-FEC961A2D19A}.Release Alpha|x86.ActiveCfg = Release|Any CPU
		{04329330-AF95-4C0C-BF28-FEC961A2D19A}.Release|Any CPU.ActiveCfg = Release|Any CPU
		{04329330-AF95-4C0C-BF28-FEC961A2D19A}.Release|Any CPU.Build.0 = Release|Any CPU
		{04329330-AF95-4C0C-BF28-FEC961A2D19A}.Release|Mixed Platforms.ActiveCfg = Release|Any CPU
		{04329330-AF95-4C0C-BF28-FEC961A2D19A}.Release|Mixed Platforms.Build.0 = Release|Any CPU
		{04329330-AF95-4C0C-BF28-FEC961A2D19A}.Release|Win32.ActiveCfg = Release|Any CPU
		{04329330-AF95-4C0C-BF28-FEC961A2D19A}.Release|x86.ActiveCfg = Release|Any CPU
		{4F12B7B0-CF7F-4D35-B3BF-9BCB4AA0B037}.Debug Alpha|Any CPU.ActiveCfg = Debug|Any CPU
		{4F12B7B0-CF7F-4D35-B3BF-9BCB4AA0B037}.Debug Alpha|Any CPU.Build.0 = Debug|Any CPU
		{4F12B7B0-CF7F-4D35-B3BF-9BCB4AA0B037}.Debug Alpha|Mixed Platforms.ActiveCfg = Debug|Any CPU
		{4F12B7B0-CF7F-4D35-B3BF-9BCB4AA0B037}.Debug Alpha|Mixed Platforms.Build.0 = Debug|Any CPU
		{4F12B7B0-CF7F-4D35-B3BF-9BCB4AA0B037}.Debug Alpha|Win32.ActiveCfg = Debug|Any CPU
		{4F12B7B0-CF7F-4D35-B3BF-9BCB4AA0B037}.Debug Alpha|x86.ActiveCfg = Debug|Any CPU
		{4F12B7B0-CF7F-4D35-B3BF-9BCB4AA0B037}.Debug|Any CPU.ActiveCfg = Debug|Any CPU
		{4F12B7B0-CF7F-4D35-B3BF-9BCB4AA0B037}.Debug|Any CPU.Build.0 = Debug|Any CPU
		{4F12B7B0-CF7F-4D35-B3BF-9BCB4AA0B037}.Debug|Mixed Platforms.ActiveCfg = Debug|Any CPU
		{4F12B7B0-CF7F-4D35-B3BF-9BCB4AA0B037}.Debug|Mixed Platforms.Build.0 = Debug|Any CPU
		{4F12B7B0-CF7F-4D35-B3BF-9BCB4AA0B037}.Debug|Win32.ActiveCfg = Debug|Any CPU
		{4F12B7B0-CF7F-4D35-B3BF-9BCB4AA0B037}.Debug|x86.ActiveCfg = Debug|Any CPU
		{4F12B7B0-CF7F-4D35-B3BF-9BCB4AA0B037}.Release Alpha|Any CPU.ActiveCfg = Release|Any CPU
		{4F12B7B0-CF7F-4D35-B3BF-9BCB4AA0B037}.Release Alpha|Any CPU.Build.0 = Release|Any CPU
		{4F12B7B0-CF7F-4D35-B3BF-9BCB4AA0B037}.Release Alpha|Mixed Platforms.ActiveCfg = Release|Any CPU
		{4F12B7B0-CF7F-4D35-B3BF-9BCB4AA0B037}.Release Alpha|Mixed Platforms.Build.0 = Release|Any CPU
		{4F12B7B0-CF7F-4D35-B3BF-9BCB4AA0B037}.Release Alpha|Win32.ActiveCfg = Release|Any CPU
		{4F12B7B0-CF7F-4D35-B3BF-9BCB4AA0B037}.Release Alpha|x86.ActiveCfg = Release|Any CPU
		{4F12B7B0-CF7F-4D35-B3BF-9BCB4AA0B037}.Release|Any CPU.ActiveCfg = Release|Any CPU
		{4F12B7B0-CF7F-4D35-B3BF-9BCB4AA0B037}.Release|Any CPU.Build.0 = Release|Any CPU
		{4F12B7B0-CF7F-4D35-B3BF-9BCB4AA0B037}.Release|Mixed Platforms.ActiveCfg = Release|Any CPU
		{4F12B7B0-CF7F-4D35-B3BF-9BCB4AA0B037}.Release|Mixed Platforms.Build.0 = Release|Any CPU
		{4F12B7B0-CF7F-4D35-B3BF-9BCB4AA0B037}.Release|Win32.ActiveCfg = Release|Any CPU
		{4F12B7B0-CF7F-4D35-B3BF-9BCB4AA0B037}.Release|x86.ActiveCfg = Release|Any CPU
	EndGlobalSection
	GlobalSection(SolutionProperties) = preSolution
		HideSolutionNode = FALSE
	EndGlobalSection
EndGlobal
